
Microsoft Visual Studio Solution File, Format Version 12.00
# Visual Studio Version 16
VisualStudioVersion = 16.0.30320.27
MinimumVisualStudioVersion = 10.0.40219.1
Project("{FAE04EC0-301F-11D3-BF4B-00C04F79EFBC}") = "DataSourcesConverter", "DataSourcesConverter\DataSourcesConverter.csproj", "{9047E890-626D-4605-A0CC-26175750DACA}"
EndProject
Global
	GlobalSection(SolutionConfigurationPlatforms) = preSolution
		Debug|Any CPU = Debug|Any CPU
		Release|Any CPU = Release|Any CPU
	EndGlobalSection
	GlobalSection(ProjectConfigurationPlatforms) = postSolution
		{9047E890-626D-4605-A0CC-26175750DACA}.Debug|Any CPU.ActiveCfg = Debug|Any CPU
		{9047E890-626D-4605-A0CC-26175750DACA}.Debug|Any CPU.Build.0 = Debug|Any CPU
		{9047E890-626D-4605-A0CC-26175750DACA}.Release|Any CPU.ActiveCfg = Release|Any CPU
		{9047E890-626D-4605-A0CC-26175750DACA}.Release|Any CPU.Build.0 = Release|Any CPU
	EndGlobalSection
	GlobalSection(SolutionProperties) = preSolution
		HideSolutionNode = FALSE
	EndGlobalSection
	GlobalSection(ExtensibilityGlobals) = postSolution
		SolutionGuid = {D8E3FBDD-32DB-42A4-B083-3B9C27076825}
	EndGlobalSection
EndGlobal
